// !$*UTF8*$!
{
	archiveVersion = 1;
	classes = {
	};
	objectVersion = 46;
	objects = {

/* Begin PBXBuildFile section */
		48F455861EC2004B00562A1E /* main.m in Sources */ = {isa = PBXBuildFile; fileRef = 48F455851EC2004B00562A1E /* main.m */; };
		48F455891EC2004B00562A1E /* AppDelegate.m in Sources */ = {isa = PBXBuildFile; fileRef = 48F455881EC2004B00562A1E /* AppDelegate.m */; };
		48F4558C1EC2004B00562A1E /* ViewController.m in Sources */ = {isa = PBXBuildFile; fileRef = 48F4558B1EC2004B00562A1E /* ViewController.m */; };
		48F4558F1EC2004B00562A1E /* Main.storyboard in Resources */ = {isa = PBXBuildFile; fileRef = 48F4558D1EC2004B00562A1E /* Main.storyboard */; };
		48F455911EC2004B00562A1E /* Assets.xcassets in Resources */ = {isa = PBXBuildFile; fileRef = 48F455901EC2004B00562A1E /* Assets.xcassets */; };
		48F455941EC2004B00562A1E /* LaunchScreen.storyboard in Resources */ = {isa = PBXBuildFile; fileRef = 48F455921EC2004B00562A1E /* LaunchScreen.storyboard */; };
		48F4559F1EC2016F00562A1E /* AddressBook.framework in Frameworks */ = {isa = PBXBuildFile; fileRef = 48F4559D1EC2016F00562A1E /* AddressBook.framework */; };
		48F455A01EC2016F00562A1E /* AddressBookUI.framework in Frameworks */ = {isa = PBXBuildFile; fileRef = 48F4559E1EC2016F00562A1E /* AddressBookUI.framework */; };
		48F455A21EC2044C00562A1E /* Contacts.framework in Frameworks */ = {isa = PBXBuildFile; fileRef = 48F455A11EC2044C00562A1E /* Contacts.framework */; };
		48F455A51EC2051200562A1E /* ContactList.m in Sources */ = {isa = PBXBuildFile; fileRef = 48F455A41EC2051200562A1E /* ContactList.m */; };
/* End PBXBuildFile section */

/* Begin PBXFileReference section */
		48F455811EC2004B00562A1E /* ContactListAppDemo.app */ = {isa = PBXFileReference; explicitFileType = wrapper.application; includeInIndex = 0; path = ContactListAppDemo.app; sourceTree = BUILT_PRODUCTS_DIR; };
		48F455851EC2004B00562A1E /* main.m */ = {isa = PBXFileReference; lastKnownFileType = sourcecode.c.objc; path = main.m; sourceTree = "<group>"; };
		48F455871EC2004B00562A1E /* AppDelegate.h */ = {isa = PBXFileReference; lastKnownFileType = sourcecode.c.h; path = AppDelegate.h; sourceTree = "<group>"; };
		48F455881EC2004B00562A1E /* AppDelegate.m */ = {isa = PBXFileReference; lastKnownFileType = sourcecode.c.objc; path = AppDelegate.m; sourceTree = "<group>"; };
		48F4558A1EC2004B00562A1E /* ViewController.h */ = {isa = PBXFileReference; lastKnownFileType = sourcecode.c.h; path = ViewController.h; sourceTree = "<group>"; };
		48F4558B1EC2004B00562A1E /* ViewController.m */ = {isa = PBXFileReference; lastKnownFileType = sourcecode.c.objc; path = ViewController.m; sourceTree = "<group>"; };
		48F4558E1EC2004B00562A1E /* Base */ = {isa = PBXFileReference; lastKnownFileType = file.storyboard; name = Base; path = Base.lproj/Main.storyboard; sourceTree = "<group>"; };
		48F455901EC2004B00562A1E /* Assets.xcassets */ = {isa = PBXFileReference; lastKnownFileType = folder.assetcatalog; path = Assets.xcassets; sourceTree = "<group>"; };
		48F455931EC2004B00562A1E /* Base */ = {isa = PBXFileReference; lastKnownFileType = file.storyboard; name = Base; path = Base.lproj/LaunchScreen.storyboard; sourceTree = "<group>"; };
		48F455951EC2004B00562A1E /* Info.plist */ = {isa = PBXFileReference; lastKnownFileType = text.plist.xml; path = Info.plist; sourceTree = "<group>"; };
		48F4559D1EC2016F00562A1E /* AddressBook.framework */ = {isa = PBXFileReference; lastKnownFileType = wrapper.framework; name = AddressBook.framework; path = System/Library/Frameworks/AddressBook.framework; sourceTree = SDKROOT; };
		48F4559E1EC2016F00562A1E /* AddressBookUI.framework */ = {isa = PBXFileReference; lastKnownFileType = wrapper.framework; name = AddressBookUI.framework; path = System/Library/Frameworks/AddressBookUI.framework; sourceTree = SDKROOT; };
		48F455A11EC2044C00562A1E /* Contacts.framework */ = {isa = PBXFileReference; lastKnownFileType = wrapper.framework; name = Contacts.framework; path = System/Library/Frameworks/Contacts.framework; sourceTree = SDKROOT; };
		48F455A31EC2051200562A1E /* ContactList.h */ = {isa = PBXFileReference; fileEncoding = 4; lastKnownFileType = sourcecode.c.h; path = ContactList.h; sourceTree = "<group>"; };
		48F455A41EC2051200562A1E /* ContactList.m */ = {isa = PBXFileReference; fileEncoding = 4; lastKnownFileType = sourcecode.c.objc; path = ContactList.m; sourceTree = "<group>"; };
/* End PBXFileReference section */

/* Begin PBXFrameworksBuildPhase section */
		48F4557E1EC2004B00562A1E /* Frameworks */ = {
			isa = PBXFrameworksBuildPhase;
			buildActionMask = 2147483647;
			files = (
				48F455A21EC2044C00562A1E /* Contacts.framework in Frameworks */,
				48F4559F1EC2016F00562A1E /* AddressBook.framework in Frameworks */,
				48F455A01EC2016F00562A1E /* AddressBookUI.framework in Frameworks */,
			);
			runOnlyForDeploymentPostprocessing = 0;
		};
/* End PBXFrameworksBuildPhase section */

/* Begin PBXGroup section */
		48F455781EC2004B00562A1E = {
			isa = PBXGroup;
			children = (
				48F455831EC2004B00562A1E /* ContactListAppDemo */,
				48F455821EC2004B00562A1E /* Products */,
				48F4559C1EC2016F00562A1E /* Frameworks */,
			);
			sourceTree = "<group>";
		};
		48F455821EC2004B00562A1E /* Products */ = {
			isa = PBXGroup;
			children = (
				48F455811EC2004B00562A1E /* ContactListAppDemo.app */,
			);
			name = Products;
			sourceTree = "<group>";
		};
		48F455831EC2004B00562A1E /* ContactListAppDemo */ = {
			isa = PBXGroup;
			children = (
				48F455A31EC2051200562A1E /* ContactList.h */,
				48F455A41EC2051200562A1E /* ContactList.m */,
				48F455871EC2004B00562A1E /* AppDelegate.h */,
				48F455881EC2004B00562A1E /* AppDelegate.m */,
				48F4558A1EC2004B00562A1E /* ViewController.h */,
				48F4558B1EC2004B00562A1E /* ViewController.m */,
				48F4558D1EC2004B00562A1E /* Main.storyboard */,
				48F455901EC2004B00562A1E /* Assets.xcassets */,
				48F455921EC2004B00562A1E /* LaunchScreen.storyboard */,
				48F455951EC2004B00562A1E /* Info.plist */,
				48F455841EC2004B00562A1E /* Supporting Files */,
			);
			path = ContactListAppDemo;
			sourceTree = "<group>";
		};
		48F455841EC2004B00562A1E /* Supporting Files */ = {
			isa = PBXGroup;
			children = (
				48F455851EC2004B00562A1E /* main.m */,
			);
			name = "Supporting Files";
			sourceTree = "<group>";
		};
		48F4559C1EC2016F00562A1E /* Frameworks */ = {
			isa = PBXGroup;
			children = (
				48F455A11EC2044C00562A1E /* Contacts.framework */,
				48F4559D1EC2016F00562A1E /* AddressBook.framework */,
				48F4559E1EC2016F00562A1E /* AddressBookUI.framework */,
			);
			name = Frameworks;
			sourceTree = "<group>";
		};
/* End PBXGroup section */

/* Begin PBXNativeTarget section */
		48F455801EC2004B00562A1E /* ContactListAppDemo */ = {
			isa = PBXNativeTarget;
			buildConfigurationList = 48F455981EC2004B00562A1E /* Build configuration list for PBXNativeTarget "ContactListAppDemo" */;
			buildPhases = (
				48F4557D1EC2004B00562A1E /* Sources */,
				48F4557E1EC2004B00562A1E /* Frameworks */,
				48F4557F1EC2004B00562A1E /* Resources */,
			);
			buildRules = (
			);
			dependencies = (
			);
			name = ContactListAppDemo;
			productName = ContactListAppDemo;
			productReference = 48F455811EC2004B00562A1E /* ContactListAppDemo.app */;
			productType = "com.apple.product-type.application";
		};
/* End PBXNativeTarget section */

/* Begin PBXProject section */
		48F455791EC2004B00562A1E /* Project object */ = {
			isa = PBXProject;
			attributes = {
				LastUpgradeCheck = 0810;
				ORGANIZATIONNAME = mindfire;
				TargetAttributes = {
					48F455801EC2004B00562A1E = {
						CreatedOnToolsVersion = 8.1;
						ProvisioningStyle = Automatic;
					};
				};
			};
			buildConfigurationList = 48F4557C1EC2004B00562A1E /* Build configuration list for PBXProject "ContactListAppDemo" */;
			compatibilityVersion = "Xcode 3.2";
			developmentRegion = English;
			hasScannedForEncodings = 0;
			knownRegions = (
				en,
				Base,
			);
			mainGroup = 48F455781EC2004B00562A1E;
			productRefGroup = 48F455821EC2004B00562A1E /* Products */;
			projectDirPath = "";
			projectRoot = "";
			targets = (
				48F455801EC2004B00562A1E /* ContactListAppDemo */,
			);
		};
/* End PBXProject section */

/* Begin PBXResourcesBuildPhase section */
		48F4557F1EC2004B00562A1E /* Resources */ = {
			isa = PBXResourcesBuildPhase;
			buildActionMask = 2147483647;
			files = (
				48F455941EC2004B00562A1E /* LaunchScreen.storyboard in Resources */,
				48F455911EC2004B00562A1E /* Assets.xcassets in Resources */,
				48F4558F1EC2004B00562A1E /* Main.storyboard in Resources */,
			);
			runOnlyForDeploymentPostprocessing = 0;
		};
/* End PBXResourcesBuildPhase section */

/* Begin PBXSourcesBuildPhase section */
		48F4557D1EC2004B00562A1E /* Sources */ = {
			isa = PBXSourcesBuildPhase;
			buildActionMask = 2147483647;
			files = (
				48F455A51EC2051200562A1E /* ContactList.m in Sources */,
				48F4558C1EC2004B00562A1E /* ViewController.m in Sources */,
				48F455891EC2004B00562A1E /* AppDelegate.m in Sources */,
				48F455861EC2004B00562A1E /* main.m in Sources */,
			);
			runOnlyForDeploymentPostprocessing = 0;
		};
/* End PBXSourcesBuildPhase section */

/* Begin PBXVariantGroup section */
		48F4558D1EC2004B00562A1E /* Main.storyboard */ = {
			isa = PBXVariantGroup;
			children = (
				48F4558E1EC2004B00562A1E /* Base */,
			);
			name = Main.storyboard;
			sourceTree = "<group>";
		};
		48F455921EC2004B00562A1E /* LaunchScreen.storyboard */ = {
			isa = PBXVariantGroup;
			children = (
				48F455931EC2004B00562A1E /* Base */,
			);
			name = LaunchScreen.storyboard;
			sourceTree = "<group>";
		};
/* End PBXVariantGroup section */

/* Begin XCBuildConfiguration section */
		48F455961EC2004B00562A1E /* Debug */ = {
			isa = XCBuildConfiguration;
			buildSettings = {
				ALWAYS_SEARCH_USER_PATHS = NO;
				CLANG_ANALYZER_NONNULL = YES;
				CLANG_CXX_LANGUAGE_STANDARD = "gnu++0x";
				CLANG_CXX_LIBRARY = "libc++";
				CLANG_ENABLE_MODULES = YES;
				CLANG_ENABLE_OBJC_ARC = YES;
				CLANG_WARN_BOOL_CONVERSION = YES;
				CLANG_WARN_CONSTANT_CONVERSION = YES;
				CLANG_WARN_DIRECT_OBJC_ISA_USAGE = YES_ERROR;
				CLANG_WARN_DOCUMENTATION_COMMENTS = YES;
				CLANG_WARN_EMPTY_BODY = YES;
				CLANG_WARN_ENUM_CONVERSION = YES;
				CLANG_WARN_INFINITE_RECURSION = YES;
				CLANG_WARN_INT_CONVERSION = YES;
				CLANG_WARN_OBJC_ROOT_CLASS = YES_ERROR;
				CLANG_WARN_SUSPICIOUS_MOVES = YES;
				CLANG_WARN_UNREACHABLE_CODE = YES;
				CLANG_WARN__DUPLICATE_METHOD_MATCH = YES;
				"CODE_SIGN_IDENTITY[sdk=iphoneos*]" = "iPhone Developer";
				COPY_PHASE_STRIP = NO;
				DEBUG_INFORMATION_FORMAT = dwarf;
				ENABLE_STRICT_OBJC_MSGSEND = YES;
				ENABLE_TESTABILITY = YES;
				GCC_C_LANGUAGE_STANDARD = gnu99;
				GCC_DYNAMIC_NO_PIC = NO;
				GCC_NO_COMMON_BLOCKS = YES;
				GCC_OPTIMIZATION_LEVEL = 0;
				GCC_PREPROCESSOR_DEFINITIONS = (
					"DEBUG=1",
					"$(inherited)",
				);
				GCC_WARN_64_TO_32_BIT_CONVERSION = YES;
				GCC_WARN_ABOUT_RETURN_TYPE = YES_ERROR;
				GCC_WARN_UNDECLARED_SELECTOR = YES;
				GCC_WARN_UNINITIALIZED_AUTOS = YES_AGGRESSIVE;
				GCC_WARN_UNUSED_FUNCTION = YES;
				GCC_WARN_UNUSED_VARIABLE = YES;
				IPHONEOS_DEPLOYMENT_TARGET = 10.1;
				MTL_ENABLE_DEBUG_INFO = YES;
				ONLY_ACTIVE_ARCH = YES;
				SDKROOT = iphoneos;
			};
			name = Debug;
		};
		48F455971EC2004B00562A1E /* Release */ = {
			isa = XCBuildConfiguration;
			buildSettings = {
				ALWAYS_SEARCH_USER_PATHS = NO;
				CLANG_ANALYZER_NONNULL = YES;
				CLANG_CXX_LANGUAGE_STANDARD = "gnu++0x";
				CLANG_CXX_LIBRARY = "libc++";
				CLANG_ENABLE_MODULES = YES;
				CLANG_ENABLE_OBJC_ARC = YES;
				CLANG_WARN_BOOL_CONVERSION = YES;
				CLANG_WARN_CONSTANT_CONVERSION = YES;
				CLANG_WARN_DIRECT_OBJC_ISA_USAGE = YES_ERROR;
				CLANG_WARN_DOCUMENTATION_COMMENTS = YES;
				CLANG_WARN_EMPTY_BODY = YES;
				CLANG_WARN_ENUM_CONVERSION = YES;
				CLANG_WARN_INFINITE_RECURSION = YES;
				CLANG_WARN_INT_CONVERSION = YES;
				CLANG_WARN_OBJC_ROOT_CLASS = YES_ERROR;
				CLANG_WARN_SUSPICIOUS_MOVES = YES;
				CLANG_WARN_UNREACHABLE_CODE = YES;
				CLANG_WARN__DUPLICATE_METHOD_MATCH = YES;
				"CODE_SIGN_IDENTITY[sdk=iphoneos*]" = "iPhone Developer";
				COPY_PHASE_STRIP = NO;
				DEBUG_INFORMATION_FORMAT = "dwarf-with-dsym";
				ENABLE_NS_ASSERTIONS = NO;
				ENABLE_STRICT_OBJC_MSGSEND = YES;
				GCC_C_LANGUAGE_STANDARD = gnu99;
				GCC_NO_COMMON_BLOCKS = YES;
				GCC_WARN_64_TO_32_BIT_CONVERSION = YES;
				GCC_WARN_ABOUT_RETURN_TYPE = YES_ERROR;
				GCC_WARN_UNDECLARED_SELECTOR = YES;
				GCC_WARN_UNINITIALIZED_AUTOS = YES_AGGRESSIVE;
				GCC_WARN_UNUSED_FUNCTION = YES;
				GCC_WARN_UNUSED_VARIABLE = YES;
				IPHONEOS_DEPLOYMENT_TARGET = 10.1;
				MTL_ENABLE_DEBUG_INFO = NO;
				SDKROOT = iphoneos;
				VALIDATE_PRODUCT = YES;
			};
			name = Release;
		};
		48F455991EC2004B00562A1E /* Debug */ = {
			isa = XCBuildConfiguration;
			buildSettings = {
				ASSETCATALOG_COMPILER_APPICON_NAME = AppIcon;
				INFOPLIST_FILE = ContactListAppDemo/Info.plist;
				LD_RUNPATH_SEARCH_PATHS = "$(inherited) @executable_path/Frameworks";
				PRODUCT_BUNDLE_IDENTIFIER = com.mindfire.ContactListAppDemo;
				PRODUCT_NAME = "$(TARGET_NAME)";
			};
			name = Debug;
		};
		48F4559A1EC2004B00562A1E /* Release */ = {
			isa = XCBuildConfiguration;
			buildSettings = {
				ASSETCATALOG_COMPILER_APPICON_NAME = AppIcon;
				INFOPLIST_FILE = ContactListAppDemo/Info.plist;
				LD_RUNPATH_SEARCH_PATHS = "$(inherited) @executable_path/Frameworks";
				PRODUCT_BUNDLE_IDENTIFIER = com.mindfire.ContactListAppDemo;
				PRODUCT_NAME = "$(TARGET_NAME)";
			};
			name = Release;
		};
/* End XCBuildConfiguration section */

/* Begin XCConfigurationList section */
		48F4557C1EC2004B00562A1E /* Build configuration list for PBXProject "ContactListAppDemo" */ = {
			isa = XCConfigurationList;
			buildConfigurations = (
				48F455961EC2004B00562A1E /* Debug */,
				48F455971EC2004B00562A1E /* Release */,
			);
			defaultConfigurationIsVisible = 0;
			defaultConfigurationName = Release;
		};
		48F455981EC2004B00562A1E /* Build configuration list for PBXNativeTarget "ContactListAppDemo" */ = {
			isa = XCConfigurationList;
			buildConfigurations = (
				48F455991EC2004B00562A1E /* Debug */,
				48F4559A1EC2004B00562A1E /* Release */,
			);
			defaultConfigurationIsVisible = 0;
		};
/* End XCConfigurationList section */
	};
	rootObject = 48F455791EC2004B00562A1E /* Project object */;
}
